
Microsoft Visual Studio Solution File, Format Version 12.00
# Visual Studio Version 17
VisualStudioVersion = 17.11.35312.102
MinimumVisualStudioVersion = 10.0.40219.1
Project("{FAE04EC0-301F-11D3-BF4B-00C04F79EFBC}") = "jdiazS5B", "jdiazS5B.csproj", "{325931EC-EA2E-494B-8537-A840F313D4D4}"
EndProject
Global
	GlobalSection(SolutionConfigurationPlatforms) = preSolution
		Debug|Any CPU = Debug|Any CPU
		Release|Any CPU = Release|Any CPU
	EndGlobalSection
	GlobalSection(ProjectConfigurationPlatforms) = postSolution
		{325931EC-EA2E-494B-8537-A840F313D4D4}.Debug|Any CPU.ActiveCfg = Debug|Any CPU
		{325931EC-EA2E-494B-8537-A840F313D4D4}.Debug|Any CPU.Build.0 = Debug|Any CPU
		{325931EC-EA2E-494B-8537-A840F313D4D4}.Debug|Any CPU.Deploy.0 = Debug|Any CPU
		{325931EC-EA2E-494B-8537-A840F313D4D4}.Release|Any CPU.ActiveCfg = Release|Any CPU
		{325931EC-EA2E-494B-8537-A840F313D4D4}.Release|Any CPU.Build.0 = Release|Any CPU
		{325931EC-EA2E-494B-8537-A840F313D4D4}.Release|Any CPU.Deploy.0 = Release|Any CPU
	EndGlobalSection
	GlobalSection(SolutionProperties) = preSolution
		HideSolutionNode = FALSE
	EndGlobalSection
	GlobalSection(ExtensibilityGlobals) = postSolution
		SolutionGuid = {C4C2B38E-1F82-4949-82B0-5B7216A0066D}
	EndGlobalSection
EndGlobal
